
Microsoft Visual Studio Solution File, Format Version 12.00
# Visual Studio Version 17
VisualStudioVersion = 17.3.32901.215
MinimumVisualStudioVersion = 10.0.40219.1
Project("{8BC9CEB8-8B4A-11D0-8D11-00A0C91BC942}") = "aisd_sem6_lab1", "aisd_sem6_lab1\aisd_sem6_lab1.vcxproj", "{DE5B67A2-B9D7-4BCC-BFDE-08E2A08E021B}"
EndProject
Global
	GlobalSection(SolutionConfigurationPlatforms) = preSolution
		Debug|x64 = Debug|x64
		Debug|x86 = Debug|x86
		Release|x64 = Release|x64
		Release|x86 = Release|x86
	EndGlobalSection
	GlobalSection(ProjectConfigurationPlatforms) = postSolution
		{DE5B67A2-B9D7-4BCC-BFDE-08E2A08E021B}.Debug|x64.ActiveCfg = Debug|x64
		{DE5B67A2-B9D7-4BCC-BFDE-08E2A08E021B}.Debug|x64.Build.0 = Debug|x64
		{DE5B67A2-B9D7-4BCC-BFDE-08E2A08E021B}.Debug|x86.ActiveCfg = Debug|Win32
		{DE5B67A2-B9D7-4BCC-BFDE-08E2A08E021B}.Debug|x86.Build.0 = Debug|Win32
		{DE5B67A2-B9D7-4BCC-BFDE-08E2A08E021B}.Release|x64.ActiveCfg = Release|x64
		{DE5B67A2-B9D7-4BCC-BFDE-08E2A08E021B}.Release|x64.Build.0 = Release|x64
		{DE5B67A2-B9D7-4BCC-BFDE-08E2A08E021B}.Release|x86.ActiveCfg = Release|Win32
		{DE5B67A2-B9D7-4BCC-BFDE-08E2A08E021B}.Release|x86.Build.0 = Release|Win32
	EndGlobalSection
	GlobalSection(SolutionProperties) = preSolution
		HideSolutionNode = FALSE
	EndGlobalSection
	GlobalSection(ExtensibilityGlobals) = postSolution
		SolutionGuid = {1BFAD12A-4FB0-47E2-BCED-ABA90046712D}
	EndGlobalSection
EndGlobal
